// !$*UTF8*$!
{
	archiveVersion = 1;
	classes = {
	};
	objectVersion = 55;
	objects = {

/* Begin PBXBuildFile section */
		EB7D9C1427FABD8900271568 /* KonvertorApp.swift in Sources */ = {isa = PBXBuildFile; fileRef = EB7D9C1327FABD8900271568 /* KonvertorApp.swift */; };
		EB7D9C1627FABD8900271568 /* ContentView.swift in Sources */ = {isa = PBXBuildFile; fileRef = EB7D9C1527FABD8900271568 /* ContentView.swift */; };
		EB7D9C1827FABD8B00271568 /* Assets.xcassets in Resources */ = {isa = PBXBuildFile; fileRef = EB7D9C1727FABD8B00271568 /* Assets.xcassets */; };
		EB7D9C1B27FABD8B00271568 /* Preview Assets.xcassets in Resources */ = {isa = PBXBuildFile; fileRef = EB7D9C1A27FABD8B00271568 /* Preview Assets.xcassets */; };
		EBC86E0727FB14D200954A0B /* ConvertVzdialenostView.swift in Sources */ = {isa = PBXBuildFile; fileRef = EBC86E0627FB14D200954A0B /* ConvertVzdialenostView.swift */; };
		EBC86E0927FB447600954A0B /* ConvertObjemView.swift in Sources */ = {isa = PBXBuildFile; fileRef = EBC86E0827FB447600954A0B /* ConvertObjemView.swift */; };
		EBC86E0B27FB595300954A0B /* LinkView.swift in Sources */ = {isa = PBXBuildFile; fileRef = EBC86E0A27FB595300954A0B /* LinkView.swift */; };
/* End PBXBuildFile section */

/* Begin PBXFileReference section */
		EB7D9C1027FABD8900271568 /* Konvertor.app */ = {isa = PBXFileReference; explicitFileType = wrapper.application; includeInIndex = 0; path = Konvertor.app; sourceTree = BUILT_PRODUCTS_DIR; };
		EB7D9C1327FABD8900271568 /* KonvertorApp.swift */ = {isa = PBXFileReference; lastKnownFileType = sourcecode.swift; path = KonvertorApp.swift; sourceTree = "<group>"; };
		EB7D9C1527FABD8900271568 /* ContentView.swift */ = {isa = PBXFileReference; lastKnownFileType = sourcecode.swift; path = ContentView.swift; sourceTree = "<group>"; };
		EB7D9C1727FABD8B00271568 /* Assets.xcassets */ = {isa = PBXFileReference; lastKnownFileType = folder.assetcatalog; path = Assets.xcassets; sourceTree = "<group>"; };
		EB7D9C1A27FABD8B00271568 /* Preview Assets.xcassets */ = {isa = PBXFileReference; lastKnownFileType = folder.assetcatalog; path = "Preview Assets.xcassets"; sourceTree = "<group>"; };
		EBC86E0627FB14D200954A0B /* ConvertVzdialenostView.swift */ = {isa = PBXFileReference; lastKnownFileType = sourcecode.swift; path = ConvertVzdialenostView.swift; sourceTree = "<group>"; };
		EBC86E0827FB447600954A0B /* ConvertObjemView.swift */ = {isa = PBXFileReference; lastKnownFileType = sourcecode.swift; path = ConvertObjemView.swift; sourceTree = "<group>"; };
		EBC86E0A27FB595300954A0B /* LinkView.swift */ = {isa = PBXFileReference; lastKnownFileType = sourcecode.swift; path = LinkView.swift; sourceTree = "<group>"; };
/* End PBXFileReference section */

/* Begin PBXFrameworksBuildPhase section */
		EB7D9C0D27FABD8900271568 /* Frameworks */ = {
			isa = PBXFrameworksBuildPhase;
			buildActionMask = 2147483647;
			files = (
			);
			runOnlyForDeploymentPostprocessing = 0;
		};
/* End PBXFrameworksBuildPhase section */

/* Begin PBXGroup section */
		EB7D9C0727FABD8900271568 = {
			isa = PBXGroup;
			children = (
				EB7D9C1227FABD8900271568 /* Konvertor */,
				EB7D9C1127FABD8900271568 /* Products */,
			);
			sourceTree = "<group>";
		};
		EB7D9C1127FABD8900271568 /* Products */ = {
			isa = PBXGroup;
			children = (
				EB7D9C1027FABD8900271568 /* Konvertor.app */,
			);
			name = Products;
			sourceTree = "<group>";
		};
		EB7D9C1227FABD8900271568 /* Konvertor */ = {
			isa = PBXGroup;
			children = (
				EB7D9C1327FABD8900271568 /* KonvertorApp.swift */,
				EB7D9C1527FABD8900271568 /* ContentView.swift */,
				EBC86E0627FB14D200954A0B /* ConvertVzdialenostView.swift */,
				EBC86E0827FB447600954A0B /* ConvertObjemView.swift */,
				EBC86E0A27FB595300954A0B /* LinkView.swift */,
				EB7D9C1727FABD8B00271568 /* Assets.xcassets */,
				EB7D9C1927FABD8B00271568 /* Preview Content */,
			);
			path = Konvertor;
			sourceTree = "<group>";
		};
		EB7D9C1927FABD8B00271568 /* Preview Content */ = {
			isa = PBXGroup;
			children = (
				EB7D9C1A27FABD8B00271568 /* Preview Assets.xcassets */,
			);
			path = "Preview Content";
			sourceTree = "<group>";
		};
/* End PBXGroup section */

/* Begin PBXNativeTarget section */
		EB7D9C0F27FABD8900271568 /* Konvertor */ = {
			isa = PBXNativeTarget;
			buildConfigurationList = EB7D9C1E27FABD8B00271568 /* Build configuration list for PBXNativeTarget "Konvertor" */;
			buildPhases = (
				EB7D9C0C27FABD8900271568 /* Sources */,
				EB7D9C0D27FABD8900271568 /* Frameworks */,
				EB7D9C0E27FABD8900271568 /* Resources */,
			);
			buildRules = (
			);
			dependencies = (
			);
			name = Konvertor;
			productName = Konvertor;
			productReference = EB7D9C1027FABD8900271568 /* Konvertor.app */;
			productType = "com.apple.product-type.application";
		};
/* End PBXNativeTarget section */

/* Begin PBXProject section */
		EB7D9C0827FABD8900271568 /* Project object */ = {
			isa = PBXProject;
			attributes = {
				BuildIndependentTargetsInParallel = 1;
				LastSwiftUpdateCheck = 1330;
				LastUpgradeCheck = 1330;
				TargetAttributes = {
					EB7D9C0F27FABD8900271568 = {
						CreatedOnToolsVersion = 13.3;
					};
				};
			};
			buildConfigurationList = EB7D9C0B27FABD8900271568 /* Build configuration list for PBXProject "Konvertor" */;
			compatibilityVersion = "Xcode 13.0";
			developmentRegion = en;
			hasScannedForEncodings = 0;
			knownRegions = (
				en,
				Base,
			);
			mainGroup = EB7D9C0727FABD8900271568;
			productRefGroup = EB7D9C1127FABD8900271568 /* Products */;
			projectDirPath = "";
			projectRoot = "";
			targets = (
				EB7D9C0F27FABD8900271568 /* Konvertor */,
			);
		};
/* End PBXProject section */

/* Begin PBXResourcesBuildPhase section */
		EB7D9C0E27FABD8900271568 /* Resources */ = {
			isa = PBXResourcesBuildPhase;
			buildActionMask = 2147483647;
			files = (
				EB7D9C1B27FABD8B00271568 /* Preview Assets.xcassets in Resources */,
				EB7D9C1827FABD8B00271568 /* Assets.xcassets in Resources */,
			);
			runOnlyForDeploymentPostprocessing = 0;
		};
/* End PBXResourcesBuildPhase section */

/* Begin PBXSourcesBuildPhase section */
		EB7D9C0C27FABD8900271568 /* Sources */ = {
			isa = PBXSourcesBuildPhase;
			buildActionMask = 2147483647;
			files = (
				EB7D9C1627FABD8900271568 /* ContentView.swift in Sources */,
				EBC86E0727FB14D200954A0B /* ConvertVzdialenostView.swift in Sources */,
				EBC86E0927FB447600954A0B /* ConvertObjemView.swift in Sources */,
				EB7D9C1427FABD8900271568 /* KonvertorApp.swift in Sources */,
				EBC86E0B27FB595300954A0B /* LinkView.swift in Sources */,
			);
			runOnlyForDeploymentPostprocessing = 0;
		};
/* End PBXSourcesBuildPhase section */

/* Begin XCBuildConfiguration section */
		EB7D9C1C27FABD8B00271568 /* Debug */ = {
			isa = XCBuildConfiguration;
			buildSettings = {
				ALWAYS_SEARCH_USER_PATHS = NO;
				CLANG_ANALYZER_NONNULL = YES;
				CLANG_ANALYZER_NUMBER_OBJECT_CONVERSION = YES_AGGRESSIVE;
				CLANG_CXX_LANGUAGE_STANDARD = "gnu++17";
				CLANG_ENABLE_MODULES = YES;
				CLANG_ENABLE_OBJC_ARC = YES;
				CLANG_ENABLE_OBJC_WEAK = YES;
				CLANG_WARN_BLOCK_CAPTURE_AUTORELEASING = YES;
				CLANG_WARN_BOOL_CONVERSION = YES;
				CLANG_WARN_COMMA = YES;
				CLANG_WARN_CONSTANT_CONVERSION = YES;
				CLANG_WARN_DEPRECATED_OBJC_IMPLEMENTATIONS = YES;
				CLANG_WARN_DIRECT_OBJC_ISA_USAGE = YES_ERROR;
				CLANG_WARN_DOCUMENTATION_COMMENTS = YES;
				CLANG_WARN_EMPTY_BODY = YES;
				CLANG_WARN_ENUM_CONVERSION = YES;
				CLANG_WARN_INFINITE_RECURSION = YES;
				CLANG_WARN_INT_CONVERSION = YES;
				CLANG_WARN_NON_LITERAL_NULL_CONVERSION = YES;
				CLANG_WARN_OBJC_IMPLICIT_RETAIN_SELF = YES;
				CLANG_WARN_OBJC_LITERAL_CONVERSION = YES;
				CLANG_WARN_OBJC_ROOT_CLASS = YES_ERROR;
				CLANG_WARN_QUOTED_INCLUDE_IN_FRAMEWORK_HEADER = YES;
				CLANG_WARN_RANGE_LOOP_ANALYSIS = YES;
				CLANG_WARN_STRICT_PROTOTYPES = YES;
				CLANG_WARN_SUSPICIOUS_MOVE = YES;
				CLANG_WARN_UNGUARDED_AVAILABILITY = YES_AGGRESSIVE;
				CLANG_WARN_UNREACHABLE_CODE = YES;
				CLANG_WARN__DUPLICATE_METHOD_MATCH = YES;
				COPY_PHASE_STRIP = NO;
				DEBUG_INFORMATION_FORMAT = dwarf;
				ENABLE_STRICT_OBJC_MSGSEND = YES;
				ENABLE_TESTABILITY = YES;
				GCC_C_LANGUAGE_STANDARD = gnu11;
				GCC_DYNAMIC_NO_PIC = NO;
				GCC_NO_COMMON_BLOCKS = YES;
				GCC_OPTIMIZATION_LEVEL = 0;
				GCC_PREPROCESSOR_DEFINITIONS = (
					"DEBUG=1",
					"$(inherited)",
				);
				GCC_WARN_64_TO_32_BIT_CONVERSION = YES;
				GCC_WARN_ABOUT_RETURN_TYPE = YES_ERROR;
				GCC_WARN_UNDECLARED_SELECTOR = YES;
				GCC_WARN_UNINITIALIZED_AUTOS = YES_AGGRESSIVE;
				GCC_WARN_UNUSED_FUNCTION = YES;
				GCC_WARN_UNUSED_VARIABLE = YES;
				IPHONEOS_DEPLOYMENT_TARGET = 15.4;
				MTL_ENABLE_DEBUG_INFO = INCLUDE_SOURCE;
				MTL_FAST_MATH = YES;
				ONLY_ACTIVE_ARCH = YES;
				SDKROOT = iphoneos;
				SWIFT_ACTIVE_COMPILATION_CONDITIONS = DEBUG;
				SWIFT_OPTIMIZATION_LEVEL = "-Onone";
			};
			name = Debug;
		};
		EB7D9C1D27FABD8B00271568 /* Release */ = {
			isa = XCBuildConfiguration;
			buildSettings = {
				ALWAYS_SEARCH_USER_PATHS = NO;
				CLANG_ANALYZER_NONNULL = YES;
				CLANG_ANALYZER_NUMBER_OBJECT_CONVERSION = YES_AGGRESSIVE;
				CLANG_CXX_LANGUAGE_STANDARD = "gnu++17";
				CLANG_ENABLE_MODULES = YES;
				CLANG_ENABLE_OBJC_ARC = YES;
				CLANG_ENABLE_OBJC_WEAK = YES;
				CLANG_WARN_BLOCK_CAPTURE_AUTORELEASING = YES;
				CLANG_WARN_BOOL_CONVERSION = YES;
				CLANG_WARN_COMMA = YES;
				CLANG_WARN_CONSTANT_CONVERSION = YES;
				CLANG_WARN_DEPRECATED_OBJC_IMPLEMENTATIONS = YES;
				CLANG_WARN_DIRECT_OBJC_ISA_USAGE = YES_ERROR;
				CLANG_WARN_DOCUMENTATION_COMMENTS = YES;
				CLANG_WARN_EMPTY_BODY = YES;
				CLANG_WARN_ENUM_CONVERSION = YES;
				CLANG_WARN_INFINITE_RECURSION = YES;
				CLANG_WARN_INT_CONVERSION = YES;
				CLANG_WARN_NON_LITERAL_NULL_CONVERSION = YES;
				CLANG_WARN_OBJC_IMPLICIT_RETAIN_SELF = YES;
				CLANG_WARN_OBJC_LITERAL_CONVERSION = YES;
				CLANG_WARN_OBJC_ROOT_CLASS = YES_ERROR;
				CLANG_WARN_QUOTED_INCLUDE_IN_FRAMEWORK_HEADER = YES;
				CLANG_WARN_RANGE_LOOP_ANALYSIS = YES;
				CLANG_WARN_STRICT_PROTOTYPES = YES;
				CLANG_WARN_SUSPICIOUS_MOVE = YES;
				CLANG_WARN_UNGUARDED_AVAILABILITY = YES_AGGRESSIVE;
				CLANG_WARN_UNREACHABLE_CODE = YES;
				CLANG_WARN__DUPLICATE_METHOD_MATCH = YES;
				COPY_PHASE_STRIP = NO;
				DEBUG_INFORMATION_FORMAT = "dwarf-with-dsym";
				ENABLE_NS_ASSERTIONS = NO;
				ENABLE_STRICT_OBJC_MSGSEND = YES;
				GCC_C_LANGUAGE_STANDARD = gnu11;
				GCC_NO_COMMON_BLOCKS = YES;
				GCC_WARN_64_TO_32_BIT_CONVERSION = YES;
				GCC_WARN_ABOUT_RETURN_TYPE = YES_ERROR;
				GCC_WARN_UNDECLARED_SELECTOR = YES;
				GCC_WARN_UNINITIALIZED_AUTOS = YES_AGGRESSIVE;
				GCC_WARN_UNUSED_FUNCTION = YES;
				GCC_WARN_UNUSED_VARIABLE = YES;
				IPHONEOS_DEPLOYMENT_TARGET = 15.4;
				MTL_ENABLE_DEBUG_INFO = NO;
				MTL_FAST_MATH = YES;
				SDKROOT = iphoneos;
				SWIFT_COMPILATION_MODE = wholemodule;
				SWIFT_OPTIMIZATION_LEVEL = "-O";
				VALIDATE_PRODUCT = YES;
			};
			name = Release;
		};
		EB7D9C1F27FABD8B00271568 /* Debug */ = {
			isa = XCBuildConfiguration;
			buildSettings = {
				ASSETCATALOG_COMPILER_APPICON_NAME = AppIcon;
				ASSETCATALOG_COMPILER_GLOBAL_ACCENT_COLOR_NAME = AccentColor;
				CODE_SIGN_STYLE = Automatic;
				CURRENT_PROJECT_VERSION = 1;
				DEVELOPMENT_ASSET_PATHS = "\"Konvertor/Preview Content\"";
				DEVELOPMENT_TEAM = 2T8V526C54;
				ENABLE_PREVIEWS = YES;
				GENERATE_INFOPLIST_FILE = YES;
				INFOPLIST_KEY_UIApplicationSceneManifest_Generation = YES;
				INFOPLIST_KEY_UIApplicationSupportsIndirectInputEvents = YES;
				INFOPLIST_KEY_UILaunchScreen_Generation = YES;
				INFOPLIST_KEY_UISupportedInterfaceOrientations_iPad = "UIInterfaceOrientationPortrait UIInterfaceOrientationPortraitUpsideDown UIInterfaceOrientationLandscapeLeft UIInterfaceOrientationLandscapeRight";
				INFOPLIST_KEY_UISupportedInterfaceOrientations_iPhone = "UIInterfaceOrientationPortrait UIInterfaceOrientationLandscapeLeft UIInterfaceOrientationLandscapeRight";
				IPHONEOS_DEPLOYMENT_TARGET = 15.0;
				LD_RUNPATH_SEARCH_PATHS = (
					"$(inherited)",
					"@executable_path/Frameworks",
				);
				MARKETING_VERSION = 1.0;
				PRODUCT_BUNDLE_IDENTIFIER = som.carovny.Konvertor;
				PRODUCT_NAME = "$(TARGET_NAME)";
				SWIFT_EMIT_LOC_STRINGS = YES;
				SWIFT_VERSION = 5.0;
				TARGETED_DEVICE_FAMILY = "1,2";
			};
			name = Debug;
		};
		EB7D9C2027FABD8B00271568 /* Release */ = {
			isa = XCBuildConfiguration;
			buildSettings = {
				ASSETCATALOG_COMPILER_APPICON_NAME = AppIcon;
				ASSETCATALOG_COMPILER_GLOBAL_ACCENT_COLOR_NAME = AccentColor;
				CODE_SIGN_STYLE = Automatic;
				CURRENT_PROJECT_VERSION = 1;
				DEVELOPMENT_ASSET_PATHS = "\"Konvertor/Preview Content\"";
				DEVELOPMENT_TEAM = 2T8V526C54;
				ENABLE_PREVIEWS = YES;
				GENERATE_INFOPLIST_FILE = YES;
				INFOPLIST_KEY_UIApplicationSceneManifest_Generation = YES;
				INFOPLIST_KEY_UIApplicationSupportsIndirectInputEvents = YES;
				INFOPLIST_KEY_UILaunchScreen_Generation = YES;
				INFOPLIST_KEY_UISupportedInterfaceOrientations_iPad = "UIInterfaceOrientationPortrait UIInterfaceOrientationPortraitUpsideDown UIInterfaceOrientationLandscapeLeft UIInterfaceOrientationLandscapeRight";
				INFOPLIST_KEY_UISupportedInterfaceOrientations_iPhone = "UIInterfaceOrientationPortrait UIInterfaceOrientationLandscapeLeft UIInterfaceOrientationLandscapeRight";
				IPHONEOS_DEPLOYMENT_TARGET = 15.0;
				LD_RUNPATH_SEARCH_PATHS = (
					"$(inherited)",
					"@executable_path/Frameworks",
				);
				MARKETING_VERSION = 1.0;
				PRODUCT_BUNDLE_IDENTIFIER = som.carovny.Konvertor;
				PRODUCT_NAME = "$(TARGET_NAME)";
				SWIFT_EMIT_LOC_STRINGS = YES;
				SWIFT_VERSION = 5.0;
				TARGETED_DEVICE_FAMILY = "1,2";
			};
			name = Release;
		};
/* End XCBuildConfiguration section */

/* Begin XCConfigurationList section */
		EB7D9C0B27FABD8900271568 /* Build configuration list for PBXProject "Konvertor" */ = {
			isa = XCConfigurationList;
			buildConfigurations = (
				EB7D9C1C27FABD8B00271568 /* Debug */,
				EB7D9C1D27FABD8B00271568 /* Release */,
			);
			defaultConfigurationIsVisible = 0;
			defaultConfigurationName = Release;
		};
		EB7D9C1E27FABD8B00271568 /* Build configuration list for PBXNativeTarget "Konvertor" */ = {
			isa = XCConfigurationList;
			buildConfigurations = (
				EB7D9C1F27FABD8B00271568 /* Debug */,
				EB7D9C2027FABD8B00271568 /* Release */,
			);
			defaultConfigurationIsVisible = 0;
			defaultConfigurationName = Release;
		};
/* End XCConfigurationList section */
	};
	rootObject = EB7D9C0827FABD8900271568 /* Project object */;
}
